
Microsoft Visual Studio Solution File, Format Version 12.00
# Visual Studio Version 16
VisualStudioVersion = 16.0.29424.173
MinimumVisualStudioVersion = 10.0.40219.1
Project("{FAE04EC0-301F-11D3-BF4B-00C04F79EFBC}") = "Sec", "Sec\Sec.csproj", "{0EB474CF-B1DA-41EF-A047-53BC27CA3857}"
EndProject
Project("{FAE04EC0-301F-11D3-BF4B-00C04F79EFBC}") = "Web", "Web\Web.csproj", "{2B796B81-2FCC-4219-BF5B-41F6F72EFFDE}"
EndProject
Project("{FAE04EC0-301F-11D3-BF4B-00C04F79EFBC}") = "Swagger", "Swagger\Swagger.csproj", "{1F6CE5D9-25F6-458B-9DF9-B6A8C454F243}"
EndProject
Global
	GlobalSection(SolutionConfigurationPlatforms) = preSolution
		Debug|Any CPU = Debug|Any CPU
		Release|Any CPU = Release|Any CPU
	EndGlobalSection
	GlobalSection(ProjectConfigurationPlatforms) = postSolution
		{0EB474CF-B1DA-41EF-A047-53BC27CA3857}.Debug|Any CPU.ActiveCfg = Debug|Any CPU
		{0EB474CF-B1DA-41EF-A047-53BC27CA3857}.Debug|Any CPU.Build.0 = Debug|Any CPU
		{0EB474CF-B1DA-41EF-A047-53BC27CA3857}.Release|Any CPU.ActiveCfg = Release|Any CPU
		{0EB474CF-B1DA-41EF-A047-53BC27CA3857}.Release|Any CPU.Build.0 = Release|Any CPU
		{2B796B81-2FCC-4219-BF5B-41F6F72EFFDE}.Debug|Any CPU.ActiveCfg = Debug|Any CPU
		{2B796B81-2FCC-4219-BF5B-41F6F72EFFDE}.Debug|Any CPU.Build.0 = Debug|Any CPU
		{2B796B81-2FCC-4219-BF5B-41F6F72EFFDE}.Release|Any CPU.ActiveCfg = Release|Any CPU
		{2B796B81-2FCC-4219-BF5B-41F6F72EFFDE}.Release|Any CPU.Build.0 = Release|Any CPU
		{1F6CE5D9-25F6-458B-9DF9-B6A8C454F243}.Debug|Any CPU.ActiveCfg = Debug|Any CPU
		{1F6CE5D9-25F6-458B-9DF9-B6A8C454F243}.Debug|Any CPU.Build.0 = Debug|Any CPU
		{1F6CE5D9-25F6-458B-9DF9-B6A8C454F243}.Release|Any CPU.ActiveCfg = Release|Any CPU
		{1F6CE5D9-25F6-458B-9DF9-B6A8C454F243}.Release|Any CPU.Build.0 = Release|Any CPU
	EndGlobalSection
	GlobalSection(SolutionProperties) = preSolution
		HideSolutionNode = FALSE
	EndGlobalSection
	GlobalSection(ExtensibilityGlobals) = postSolution
		SolutionGuid = {69613063-0B96-4647-9AD1-1B4DBC4FCBFC}
	EndGlobalSection
EndGlobal
