
Microsoft Visual Studio Solution File, Format Version 12.00
# Visual Studio Version 16
VisualStudioVersion = 16.0.29424.173
MinimumVisualStudioVersion = 10.0.40219.1
Project("{FAE04EC0-301F-11D3-BF4B-00C04F79EFBC}") = "SistemaSec", "SistemaSec\SistemaSec.csproj", "{06AF2872-A624-47FF-9103-EFB95F4FDCC7}"
EndProject
Project("{FAE04EC0-301F-11D3-BF4B-00C04F79EFBC}") = "Sec", "Sec\Sec.csproj", "{0EB474CF-B1DA-41EF-A047-53BC27CA3857}"
EndProject
Global
	GlobalSection(SolutionConfigurationPlatforms) = preSolution
		Debug|Any CPU = Debug|Any CPU
		Release|Any CPU = Release|Any CPU
	EndGlobalSection
	GlobalSection(ProjectConfigurationPlatforms) = postSolution
		{06AF2872-A624-47FF-9103-EFB95F4FDCC7}.Debug|Any CPU.ActiveCfg = Debug|Any CPU
		{06AF2872-A624-47FF-9103-EFB95F4FDCC7}.Debug|Any CPU.Build.0 = Debug|Any CPU
		{06AF2872-A624-47FF-9103-EFB95F4FDCC7}.Release|Any CPU.ActiveCfg = Release|Any CPU
		{06AF2872-A624-47FF-9103-EFB95F4FDCC7}.Release|Any CPU.Build.0 = Release|Any CPU
		{0EB474CF-B1DA-41EF-A047-53BC27CA3857}.Debug|Any CPU.ActiveCfg = Debug|Any CPU
		{0EB474CF-B1DA-41EF-A047-53BC27CA3857}.Debug|Any CPU.Build.0 = Debug|Any CPU
		{0EB474CF-B1DA-41EF-A047-53BC27CA3857}.Release|Any CPU.ActiveCfg = Release|Any CPU
		{0EB474CF-B1DA-41EF-A047-53BC27CA3857}.Release|Any CPU.Build.0 = Release|Any CPU
	EndGlobalSection
	GlobalSection(SolutionProperties) = preSolution
		HideSolutionNode = FALSE
	EndGlobalSection
	GlobalSection(ExtensibilityGlobals) = postSolution
		SolutionGuid = {69613063-0B96-4647-9AD1-1B4DBC4FCBFC}
	EndGlobalSection
EndGlobal
